PODS:
  - BlackSpartan (1.1.1)

DEPENDENCIES:
  - BlackSpartan (from `https://github.com/JosPerez/BlackSpartan.git`, tag `1.1.1`)

EXTERNAL SOURCES:
  BlackSpartan:
    :git: https://github.com/JosPerez/BlackSpartan.git
    :tag: 1.1.1

CHECKOUT OPTIONS:
  BlackSpartan:
    :git: https://github.com/JosPerez/BlackSpartan.git
    :tag: 1.1.1

SPEC CHECKSUMS:
  BlackSpartan: 81513e90a02aaa8a294d10432f1aef6e8eb029dc

PODFILE CHECKSUM: ac1c8485b63878b914cd03d99ec944fd67c24a5b

COCOAPODS: 1.16.2
