PODS:
  - BlackSpartan (1.2.1)

DEPENDENCIES:
  - BlackSpartan (from `https://github.com/JosPerez/BlackSpartan.git`, tag `1.2.1`)

EXTERNAL SOURCES:
  BlackSpartan:
    :git: https://github.com/JosPerez/BlackSpartan.git
    :tag: 1.2.1

CHECKOUT OPTIONS:
  BlackSpartan:
    :git: https://github.com/JosPerez/BlackSpartan.git
    :tag: 1.2.1

SPEC CHECKSUMS:
  BlackSpartan: 4feaf3c1c6aad371b2dd33605ac579e8f12090b6

PODFILE CHECKSUM: 296f91d247ab5197a22bcdd86be71afb06fd70c4

COCOAPODS: 1.16.2
