// !$*UTF8*$!
{
	archiveVersion = 1;
	classes = {
	};
	objectVersion = 56;
	objects = {

/* Begin PBXBuildFile section */
		072C52772FCCE45A00FEEACD /* UFC_Predict_FightsApp.swift in Sources */ = {isa = PBXBuildFile; fileRef = 072C52762FCCE45A00FEEACD /* UFC_Predict_FightsApp.swift */; };
		072C52792FCCE45A00FEEACD /* ContentView.swift in Sources */ = {isa = PBXBuildFile; fileRef = 072C52782FCCE45A00FEEACD /* ContentView.swift */; };
		072C527B2FCCE45A00FEEACD /* Assets.xcassets in Resources */ = {isa = PBXBuildFile; fileRef = 072C527A2FCCE45A00FEEACD /* Assets.xcassets */; };
		072C527E2FCCE45A00FEEACD /* Preview Assets.xcassets in Resources */ = {isa = PBXBuildFile; fileRef = 072C527D2FCCE45A00FEEACD /* Preview Assets.xcassets */; };
		072C52CC2FCD731F00FEEACD /* FighterListViewModel.swift in Sources */ = {isa = PBXBuildFile; fileRef = 072C52CB2FCD731F00FEEACD /* FighterListViewModel.swift */; };
		072C52CE2FCD74DF00FEEACD /* FightersListView.swift in Sources */ = {isa = PBXBuildFile; fileRef = 072C52CD2FCD74DF00FEEACD /* FightersListView.swift */; };
		07841AED2FCD8297005EA7FD /* Config.swift in Sources */ = {isa = PBXBuildFile; fileRef = 07841AEC2FCD8297005EA7FD /* Config.swift */; };
		07841AEF2FCD87B6005EA7FD /* Constants.swift in Sources */ = {isa = PBXBuildFile; fileRef = 07841AEE2FCD87B6005EA7FD /* Constants.swift */; };
		07841AF12FCD88B0005EA7FD /* FighterRow.swift in Sources */ = {isa = PBXBuildFile; fileRef = 07841AF02FCD88B0005EA7FD /* FighterRow.swift */; };
		07841AF32FCD88FB005EA7FD /* FigtherDetailViewModel.swift in Sources */ = {isa = PBXBuildFile; fileRef = 07841AF22FCD88FB005EA7FD /* FigtherDetailViewModel.swift */; };
		07841AF52FCD8A88005EA7FD /* FighterDetailView.swift in Sources */ = {isa = PBXBuildFile; fileRef = 07841AF42FCD8A88005EA7FD /* FighterDetailView.swift */; };
		07841AF92FCD8AF1005EA7FD /* DivisionPill.swift in Sources */ = {isa = PBXBuildFile; fileRef = 07841AF82FCD8AF1005EA7FD /* DivisionPill.swift */; };
		07841B002FCEB5BB005EA7FD /* CachedFighter.swift in Sources */ = {isa = PBXBuildFile; fileRef = 07841AFF2FCEB5BB005EA7FD /* CachedFighter.swift */; };
		07841B032FCEB75F005EA7FD /* SwiftDataContainer.swift in Sources */ = {isa = PBXBuildFile; fileRef = 07841B022FCEB75F005EA7FD /* SwiftDataContainer.swift */; };
		07841B062FCEB80D005EA7FD /* DatabaseErrorView.swift in Sources */ = {isa = PBXBuildFile; fileRef = 07841B052FCEB80D005EA7FD /* DatabaseErrorView.swift */; };
		07841B0A2FCEBA8B005EA7FD /* SyncManager.swift in Sources */ = {isa = PBXBuildFile; fileRef = 07841B092FCEBA8B005EA7FD /* SyncManager.swift */; };
		07841B0C2FCEBBBE005EA7FD /* FighterRepository.swift in Sources */ = {isa = PBXBuildFile; fileRef = 07841B0B2FCEBBBE005EA7FD /* FighterRepository.swift */; };
		07841B1A2FCEE3C5005EA7FD /* EventListViewModel.swift in Sources */ = {isa = PBXBuildFile; fileRef = 07841B192FCEE3C5005EA7FD /* EventListViewModel.swift */; };
		07841B1D2FCEE41F005EA7FD /* EventListView.swift in Sources */ = {isa = PBXBuildFile; fileRef = 07841B1C2FCEE41F005EA7FD /* EventListView.swift */; };
		07841B1F2FCEE43E005EA7FD /* EventDetailViewModel.swift in Sources */ = {isa = PBXBuildFile; fileRef = 07841B1E2FCEE43E005EA7FD /* EventDetailViewModel.swift */; };
		07841B212FCEE465005EA7FD /* EventDetailView.swift in Sources */ = {isa = PBXBuildFile; fileRef = 07841B202FCEE465005EA7FD /* EventDetailView.swift */; };
		07841B242FCEE9D0005EA7FD /* CachedEvent.swift in Sources */ = {isa = PBXBuildFile; fileRef = 07841B232FCEE9D0005EA7FD /* CachedEvent.swift */; };
		07841B262FCEEA83005EA7FD /* EventRepository.swift in Sources */ = {isa = PBXBuildFile; fileRef = 07841B252FCEEA83005EA7FD /* EventRepository.swift */; };
		07841B2A2FCEFD1E005EA7FD /* FighterPickerView.swift in Sources */ = {isa = PBXBuildFile; fileRef = 07841B292FCEFD1E005EA7FD /* FighterPickerView.swift */; };
		07841B2E2FCEFD5A005EA7FD /* PredictionViewModel.swift in Sources */ = {isa = PBXBuildFile; fileRef = 07841B2D2FCEFD5A005EA7FD /* PredictionViewModel.swift */; };
		07841B302FCEFD9E005EA7FD /* PredictionView.swift in Sources */ = {isa = PBXBuildFile; fileRef = 07841B2F2FCEFD9E005EA7FD /* PredictionView.swift */; };
		07841B332FCFA796005EA7FD /* AppCoordinator.swift in Sources */ = {isa = PBXBuildFile; fileRef = 07841B322FCFA796005EA7FD /* AppCoordinator.swift */; };
		07841B372FD0198B005EA7FD /* LaunchView.swift in Sources */ = {isa = PBXBuildFile; fileRef = 07841B362FD0198B005EA7FD /* LaunchView.swift */; };
		07841B392FD01A8E005EA7FD /* FighterAvatar.swift in Sources */ = {isa = PBXBuildFile; fileRef = 07841B382FD01A8E005EA7FD /* FighterAvatar.swift */; };
		07841B3C2FD021CC005EA7FD /* CachedPrediction.swift in Sources */ = {isa = PBXBuildFile; fileRef = 07841B3B2FD021CC005EA7FD /* CachedPrediction.swift */; };
		07841B3E2FD0231D005EA7FD /* PredictionHistoryView.swift in Sources */ = {isa = PBXBuildFile; fileRef = 07841B3D2FD0231D005EA7FD /* PredictionHistoryView.swift */; };
		07841B432FD02598005EA7FD /* ThemeManager.swift in Sources */ = {isa = PBXBuildFile; fileRef = 07841B422FD02598005EA7FD /* ThemeManager.swift */; };
		07841B452FD025BB005EA7FD /* BSColor.swift in Sources */ = {isa = PBXBuildFile; fileRef = 07841B442FD025BB005EA7FD /* BSColor.swift */; };
		07841B542FD2B341005EA7FD /* RankingsViewModel.swift in Sources */ = {isa = PBXBuildFile; fileRef = 07841B532FD2B341005EA7FD /* RankingsViewModel.swift */; };
		07841B572FD2B36A005EA7FD /* RankingsView.swift in Sources */ = {isa = PBXBuildFile; fileRef = 07841B562FD2B36A005EA7FD /* RankingsView.swift */; };
		07841B5A2FD2C109005EA7FD /* CachedRanking.swift in Sources */ = {isa = PBXBuildFile; fileRef = 07841B592FD2C109005EA7FD /* CachedRanking.swift */; };
		07841B5C2FD2C21D005EA7FD /* RankingRepository.swift in Sources */ = {isa = PBXBuildFile; fileRef = 07841B5B2FD2C21D005EA7FD /* RankingRepository.swift */; };
		0797F60A2FDA7E6800B52A0C /* SegmentedBar.swift in Sources */ = {isa = PBXBuildFile; fileRef = 0797F6092FDA7E4B00B52A0C /* SegmentedBar.swift */; };
		0797F60D2FDA813500B52A0C /* PerformanceChart.swift in Sources */ = {isa = PBXBuildFile; fileRef = 0797F60C2FDA812900B52A0C /* PerformanceChart.swift */; };
		0797F60F2FDB3F0500B52A0C /* MarkdownFile.swift in Sources */ = {isa = PBXBuildFile; fileRef = 0797F60E2FDB3EF400B52A0C /* MarkdownFile.swift */; };
		0797F6132FDF609700B52A0C /* EloRankingsViewModel.swift in Sources */ = {isa = PBXBuildFile; fileRef = 0797F6122FDF608C00B52A0C /* EloRankingsViewModel.swift */; };
		0797F6152FDF60D500B52A0C /* EloRankingsView.swift in Sources */ = {isa = PBXBuildFile; fileRef = 0797F6142FDF60CF00B52A0C /* EloRankingsView.swift */; };
		0797F6172FDF63B300B52A0C /* CachedEloRanking.swift in Sources */ = {isa = PBXBuildFile; fileRef = 0797F6162FDF63B200B52A0C /* CachedEloRanking.swift */; };
		0797F61B2FE0EF8200B52A0C /* GoogleService-Info.plist in Resources */ = {isa = PBXBuildFile; fileRef = 0797F61A2FE0EF8200B52A0C /* GoogleService-Info.plist */; };
		0797F6242FE0F13500B52A0C /* AuthState.swift in Sources */ = {isa = PBXBuildFile; fileRef = 0797F6212FE0F13500B52A0C /* AuthState.swift */; };
		0797F6272FE0F16100B52A0C /* SessionPolicy.swift in Sources */ = {isa = PBXBuildFile; fileRef = 0797F6262FE0F15900B52A0C /* SessionPolicy.swift */; };
		0797F62A2FE0F18400B52A0C /* AuthService.swift in Sources */ = {isa = PBXBuildFile; fileRef = 0797F6292FE0F18000B52A0C /* AuthService.swift */; };
		0797F62D2FE0F19E00B52A0C /* AuthViewModel.swift in Sources */ = {isa = PBXBuildFile; fileRef = 0797F62C2FE0F19A00B52A0C /* AuthViewModel.swift */; };
		0797F62F2FE0F1BA00B52A0C /* ProtectedDestination.swift in Sources */ = {isa = PBXBuildFile; fileRef = 0797F62E2FE0F1BA00B52A0C /* ProtectedDestination.swift */; };
		0797F6322FE0F85200B52A0C /* FirebaseAuth in Frameworks */ = {isa = PBXBuildFile; productRef = 0797F6312FE0F85200B52A0C /* FirebaseAuth */; };
		0797F6342FE0F85200B52A0C /* FirebaseCore in Frameworks */ = {isa = PBXBuildFile; productRef = 0797F6332FE0F85200B52A0C /* FirebaseCore */; };
		0797F6372FE0F9D500B52A0C /* GoogleSignIn in Frameworks */ = {isa = PBXBuildFile; productRef = 0797F6362FE0F9D500B52A0C /* GoogleSignIn */; };
		0797F6392FE0F9D500B52A0C /* GoogleSignInSwift in Frameworks */ = {isa = PBXBuildFile; productRef = 0797F6382FE0F9D500B52A0C /* GoogleSignInSwift */; };
		0797F63E2FE0FA9E00B52A0C /* LoginView.swift in Sources */ = {isa = PBXBuildFile; fileRef = 0797F63D2FE0FA9C00B52A0C /* LoginView.swift */; };
		0797F6402FE0FAB400B52A0C /* SignUpView.swift in Sources */ = {isa = PBXBuildFile; fileRef = 0797F63F2FE0FAB300B52A0C /* SignUpView.swift */; };
		0797F6422FE0FACD00B52A0C /* ForgotPasswordView.swift in Sources */ = {isa = PBXBuildFile; fileRef = 0797F6412FE0FACC00B52A0C /* ForgotPasswordView.swift */; };
		0797F6452FE0FAF600B52A0C /* AuthComponents.swift in Sources */ = {isa = PBXBuildFile; fileRef = 0797F6442FE0FAF200B52A0C /* AuthComponents.swift */; };
		0797F6482FE1001800B52A0C /* AuthGateModifier.swift in Sources */ = {isa = PBXBuildFile; fileRef = 0797F6472FE1000900B52A0C /* AuthGateModifier.swift */; };
		0797F64D2FE10A5C00B52A0C /* BiometricAuthService.swift in Sources */ = {isa = PBXBuildFile; fileRef = 0797F64C2FE10A5B00B52A0C /* BiometricAuthService.swift */; };
		0797F64F2FE10B6E00B52A0C /* BiometricUnlockView.swift in Sources */ = {isa = PBXBuildFile; fileRef = 0797F64E2FE10B6E00B52A0C /* BiometricUnlockView.swift */; };
		0797F6532FE10FCC00B52A0C /* ProfileSheetView.swift in Sources */ = {isa = PBXBuildFile; fileRef = 0797F6522FE10FCB00B52A0C /* ProfileSheetView.swift */; };
		0797F6552FE1150400B52A0C /* ProfileButton.swift in Sources */ = {isa = PBXBuildFile; fileRef = 0797F6542FE114FE00B52A0C /* ProfileButton.swift */; };
		0797F6572FE19CEE00B52A0C /* FirebaseFirestore in Frameworks */ = {isa = PBXBuildFile; productRef = 0797F6562FE19CEE00B52A0C /* FirebaseFirestore */; };
		0797F65B2FE19E0300B52A0C /* UserProfileService.swift in Sources */ = {isa = PBXBuildFile; fileRef = 0797F65A2FE19E0100B52A0C /* UserProfileService.swift */; };
		0797F65F2FE1A2B900B52A0C /* ProfileCompletionView.swift in Sources */ = {isa = PBXBuildFile; fileRef = 0797F65E2FE1A2B100B52A0C /* ProfileCompletionView.swift */; };
		0797F6632FE212B200B52A0C /* GameAPIClient.swift in Sources */ = {isa = PBXBuildFile; fileRef = 0797F6622FE212AD00B52A0C /* GameAPIClient.swift */; };
		0797F6662FE212DB00B52A0C /* GameModels.swift in Sources */ = {isa = PBXBuildFile; fileRef = 0797F6652FE212D500B52A0C /* GameModels.swift */; };
		0797F6682FE212F200B52A0C /* GameViewModel.swift in Sources */ = {isa = PBXBuildFile; fileRef = 0797F6672FE212EE00B52A0C /* GameViewModel.swift */; };
		0797F66C2FE2131C00B52A0C /* GameHomeView.swift in Sources */ = {isa = PBXBuildFile; fileRef = 0797F66B2FE2131B00B52A0C /* GameHomeView.swift */; };
		0797F66F2FE2136D00B52A0C /* EventPicksView.swift in Sources */ = {isa = PBXBuildFile; fileRef = 0797F66E2FE2136B00B52A0C /* EventPicksView.swift */; };
		0797F6722FE214F300B52A0C /* dateFormatters.swift in Sources */ = {isa = PBXBuildFile; fileRef = 0797F6712FE214E400B52A0C /* dateFormatters.swift */; };
		0797F6752FE243E700B52A0C /* EventPicksViewModel.swift in Sources */ = {isa = PBXBuildFile; fileRef = 0797F6742FE243E600B52A0C /* EventPicksViewModel.swift */; };
		0797F6772FE2442000B52A0C /* FightPickCard.swift in Sources */ = {isa = PBXBuildFile; fileRef = 0797F6762FE2441F00B52A0C /* FightPickCard.swift */; };
		0797F6792FE24C0300B52A0C /* EventLeaderboardView.swift in Sources */ = {isa = PBXBuildFile; fileRef = 0797F6782FE24BFE00B52A0C /* EventLeaderboardView.swift */; };
		0797F67B2FE24C2300B52A0C /* MonthlyLeaderboardView.swift in Sources */ = {isa = PBXBuildFile; fileRef = 0797F67A2FE24C2200B52A0C /* MonthlyLeaderboardView.swift */; };
		0797F67D2FE24F2800B52A0C /* PostEventResultsView.swift in Sources */ = {isa = PBXBuildFile; fileRef = 0797F67C2FE24F2600B52A0C /* PostEventResultsView.swift */; };
		09F2543B1308625F3DAD10DF /* Pods_UFC_Predict_Fights.framework in Frameworks */ = {isa = PBXBuildFile; fileRef = B38F0F1ACE4D6C4EA5B5AABC /* Pods_UFC_Predict_Fights.framework */; };
/* End PBXBuildFile section */

/* Begin PBXFileReference section */
		072C52732FCCE45A00FEEACD /* UFC Predict Fights.app */ = {isa = PBXFileReference; explicitFileType = wrapper.application; includeInIndex = 0; path = "UFC Predict Fights.app"; sourceTree = BUILT_PRODUCTS_DIR; };
		072C52762FCCE45A00FEEACD /* UFC_Predict_FightsApp.swift */ = {isa = PBXFileReference; lastKnownFileType = sourcecode.swift; path = UFC_Predict_FightsApp.swift; sourceTree = "<group>"; };
		072C52782FCCE45A00FEEACD /* ContentView.swift */ = {isa = PBXFileReference; lastKnownFileType = sourcecode.swift; path = ContentView.swift; sourceTree = "<group>"; };
		072C527A2FCCE45A00FEEACD /* Assets.xcassets */ = {isa = PBXFileReference; lastKnownFileType = folder.assetcatalog; path = Assets.xcassets; sourceTree = "<group>"; };
		072C527D2FCCE45A00FEEACD /* Preview Assets.xcassets */ = {isa = PBXFileReference; lastKnownFileType = folder.assetcatalog; path = "Preview Assets.xcassets"; sourceTree = "<group>"; };
		072C52CB2FCD731F00FEEACD /* FighterListViewModel.swift */ = {isa = PBXFileReference; lastKnownFileType = sourcecode.swift; path = FighterListViewModel.swift; sourceTree = "<group>"; };
		072C52CD2FCD74DF00FEEACD /* FightersListView.swift */ = {isa = PBXFileReference; lastKnownFileType = sourcecode.swift; path = FightersListView.swift; sourceTree = "<group>"; };
		07841AEC2FCD8297005EA7FD /* Config.swift */ = {isa = PBXFileReference; lastKnownFileType = sourcecode.swift; path = Config.swift; sourceTree = "<group>"; };
		07841AEE2FCD87B6005EA7FD /* Constants.swift */ = {isa = PBXFileReference; lastKnownFileType = sourcecode.swift; path = Constants.swift; sourceTree = "<group>"; };
		07841AF02FCD88B0005EA7FD /* FighterRow.swift */ = {isa = PBXFileReference; lastKnownFileType = sourcecode.swift; path = FighterRow.swift; sourceTree = "<group>"; };
		07841AF22FCD88FB005EA7FD /* FigtherDetailViewModel.swift */ = {isa = PBXFileReference; lastKnownFileType = sourcecode.swift; path = FigtherDetailViewModel.swift; sourceTree = "<group>"; };
		07841AF42FCD8A88005EA7FD /* FighterDetailView.swift */ = {isa = PBXFileReference; lastKnownFileType = sourcecode.swift; path = FighterDetailView.swift; sourceTree = "<group>"; };
		07841AF82FCD8AF1005EA7FD /* DivisionPill.swift */ = {isa = PBXFileReference; lastKnownFileType = sourcecode.swift; path = DivisionPill.swift; sourceTree = "<group>"; };
		07841AFF2FCEB5BB005EA7FD /* CachedFighter.swift */ = {isa = PBXFileReference; lastKnownFileType = sourcecode.swift; path = CachedFighter.swift; sourceTree = "<group>"; };
		07841B022FCEB75F005EA7FD /* SwiftDataContainer.swift */ = {isa = PBXFileReference; lastKnownFileType = sourcecode.swift; path = SwiftDataContainer.swift; sourceTree = "<group>"; };
		07841B052FCEB80D005EA7FD /* DatabaseErrorView.swift */ = {isa = PBXFileReference; lastKnownFileType = sourcecode.swift; path = DatabaseErrorView.swift; sourceTree = "<group>"; };
		07841B092FCEBA8B005EA7FD /* SyncManager.swift */ = {isa = PBXFileReference; lastKnownFileType = sourcecode.swift; path = SyncManager.swift; sourceTree = "<group>"; };
		07841B0B2FCEBBBE005EA7FD /* FighterRepository.swift */ = {isa = PBXFileReference; lastKnownFileType = sourcecode.swift; path = FighterRepository.swift; sourceTree = "<group>"; };
		07841B0F2FCEC20A005EA7FD /* UFC-Predict-Fights-Info.plist */ = {isa = PBXFileReference; lastKnownFileType = text.plist; path = "UFC-Predict-Fights-Info.plist"; sourceTree = SOURCE_ROOT; };
		07841B192FCEE3C5005EA7FD /* EventListViewModel.swift */ = {isa = PBXFileReference; lastKnownFileType = sourcecode.swift; path = EventListViewModel.swift; sourceTree = "<group>"; };
		07841B1C2FCEE41F005EA7FD /* EventListView.swift */ = {isa = PBXFileReference; lastKnownFileType = sourcecode.swift; path = EventListView.swift; sourceTree = "<group>"; };
		07841B1E2FCEE43E005EA7FD /* EventDetailViewModel.swift */ = {isa = PBXFileReference; lastKnownFileType = sourcecode.swift; path = EventDetailViewModel.swift; sourceTree = "<group>"; };
		07841B202FCEE465005EA7FD /* EventDetailView.swift */ = {isa = PBXFileReference; lastKnownFileType = sourcecode.swift; path = EventDetailView.swift; sourceTree = "<group>"; };
		07841B232FCEE9D0005EA7FD /* CachedEvent.swift */ = {isa = PBXFileReference; lastKnownFileType = sourcecode.swift; path = CachedEvent.swift; sourceTree = "<group>"; };
		07841B252FCEEA83005EA7FD /* EventRepository.swift */ = {isa = PBXFileReference; lastKnownFileType = sourcecode.swift; path = EventRepository.swift; sourceTree = "<group>"; };
		07841B292FCEFD1E005EA7FD /* FighterPickerView.swift */ = {isa = PBXFileReference; lastKnownFileType = sourcecode.swift; path = FighterPickerView.swift; sourceTree = "<group>"; };
		07841B2D2FCEFD5A005EA7FD /* PredictionViewModel.swift */ = {isa = PBXFileReference; lastKnownFileType = sourcecode.swift; path = PredictionViewModel.swift; sourceTree = "<group>"; };
		07841B2F2FCEFD9E005EA7FD /* PredictionView.swift */ = {isa = PBXFileReference; lastKnownFileType = sourcecode.swift; path = PredictionView.swift; sourceTree = "<group>"; };
		07841B322FCFA796005EA7FD /* AppCoordinator.swift */ = {isa = PBXFileReference; lastKnownFileType = sourcecode.swift; path = AppCoordinator.swift; sourceTree = "<group>"; };
		07841B362FD0198B005EA7FD /* LaunchView.swift */ = {isa = PBXFileReference; lastKnownFileType = sourcecode.swift; path = LaunchView.swift; sourceTree = "<group>"; };
		07841B382FD01A8E005EA7FD /* FighterAvatar.swift */ = {isa = PBXFileReference; lastKnownFileType = sourcecode.swift; path = FighterAvatar.swift; sourceTree = "<group>"; };
		07841B3B2FD021CC005EA7FD /* CachedPrediction.swift */ = {isa = PBXFileReference; lastKnownFileType = sourcecode.swift; path = CachedPrediction.swift; sourceTree = "<group>"; };
		07841B3D2FD0231D005EA7FD /* PredictionHistoryView.swift */ = {isa = PBXFileReference; lastKnownFileType = sourcecode.swift; path = PredictionHistoryView.swift; sourceTree = "<group>"; };
		07841B422FD02598005EA7FD /* ThemeManager.swift */ = {isa = PBXFileReference; lastKnownFileType = sourcecode.swift; path = ThemeManager.swift; sourceTree = "<group>"; };
		07841B442FD025BB005EA7FD /* BSColor.swift */ = {isa = PBXFileReference; lastKnownFileType = sourcecode.swift; path = BSColor.swift; sourceTree = "<group>"; };
		07841B532FD2B341005EA7FD /* RankingsViewModel.swift */ = {isa = PBXFileReference; lastKnownFileType = sourcecode.swift; path = RankingsViewModel.swift; sourceTree = "<group>"; };
		07841B562FD2B36A005EA7FD /* RankingsView.swift */ = {isa = PBXFileReference; lastKnownFileType = sourcecode.swift; path = RankingsView.swift; sourceTree = "<group>"; };
		07841B592FD2C109005EA7FD /* CachedRanking.swift */ = {isa = PBXFileReference; lastKnownFileType = sourcecode.swift; path = CachedRanking.swift; sourceTree = "<group>"; };
		07841B5B2FD2C21D005EA7FD /* RankingRepository.swift */ = {isa = PBXFileReference; lastKnownFileType = sourcecode.swift; path = RankingRepository.swift; sourceTree = "<group>"; };
		0797F6092FDA7E4B00B52A0C /* SegmentedBar.swift */ = {isa = PBXFileReference; lastKnownFileType = sourcecode.swift; path = SegmentedBar.swift; sourceTree = "<group>"; };
		0797F60C2FDA812900B52A0C /* PerformanceChart.swift */ = {isa = PBXFileReference; lastKnownFileType = sourcecode.swift; path = PerformanceChart.swift; sourceTree = "<group>"; };
		0797F60E2FDB3EF400B52A0C /* MarkdownFile.swift */ = {isa = PBXFileReference; lastKnownFileType = sourcecode.swift; path = MarkdownFile.swift; sourceTree = "<group>"; };
		0797F6122FDF608C00B52A0C /* EloRankingsViewModel.swift */ = {isa = PBXFileReference; lastKnownFileType = sourcecode.swift; path = EloRankingsViewModel.swift; sourceTree = "<group>"; };
		0797F6142FDF60CF00B52A0C /* EloRankingsView.swift */ = {isa = PBXFileReference; lastKnownFileType = sourcecode.swift; path = EloRankingsView.swift; sourceTree = "<group>"; };
		0797F6162FDF63B200B52A0C /* CachedEloRanking.swift */ = {isa = PBXFileReference; lastKnownFileType = sourcecode.swift; path = CachedEloRanking.swift; sourceTree = "<group>"; };
		0797F61A2FE0EF8200B52A0C /* GoogleService-Info.plist */ = {isa = PBXFileReference; lastKnownFileType = text.plist.xml; path = "GoogleService-Info.plist"; sourceTree = "<group>"; };
		0797F6212FE0F13500B52A0C /* AuthState.swift */ = {isa = PBXFileReference; lastKnownFileType = sourcecode.swift; path = AuthState.swift; sourceTree = "<group>"; };
		0797F6262FE0F15900B52A0C /* SessionPolicy.swift */ = {isa = PBXFileReference; lastKnownFileType = sourcecode.swift; path = SessionPolicy.swift; sourceTree = "<group>"; };
		0797F6292FE0F18000B52A0C /* AuthService.swift */ = {isa = PBXFileReference; lastKnownFileType = sourcecode.swift; path = AuthService.swift; sourceTree = "<group>"; };
		0797F62C2FE0F19A00B52A0C /* AuthViewModel.swift */ = {isa = PBXFileReference; lastKnownFileType = sourcecode.swift; path = AuthViewModel.swift; sourceTree = "<group>"; };
		0797F62E2FE0F1BA00B52A0C /* ProtectedDestination.swift */ = {isa = PBXFileReference; lastKnownFileType = sourcecode.swift; path = ProtectedDestination.swift; sourceTree = "<group>"; };
		0797F63D2FE0FA9C00B52A0C /* LoginView.swift */ = {isa = PBXFileReference; lastKnownFileType = sourcecode.swift; path = LoginView.swift; sourceTree = "<group>"; };
		0797F63F2FE0FAB300B52A0C /* SignUpView.swift */ = {isa = PBXFileReference; lastKnownFileType = sourcecode.swift; path = SignUpView.swift; sourceTree = "<group>"; };
		0797F6412FE0FACC00B52A0C /* ForgotPasswordView.swift */ = {isa = PBXFileReference; lastKnownFileType = sourcecode.swift; path = ForgotPasswordView.swift; sourceTree = "<group>"; };
		0797F6442FE0FAF200B52A0C /* AuthComponents.swift */ = {isa = PBXFileReference; lastKnownFileType = sourcecode.swift; path = AuthComponents.swift; sourceTree = "<group>"; };
		0797F6472FE1000900B52A0C /* AuthGateModifier.swift */ = {isa = PBXFileReference; lastKnownFileType = sourcecode.swift; path = AuthGateModifier.swift; sourceTree = "<group>"; };
		0797F64C2FE10A5B00B52A0C /* BiometricAuthService.swift */ = {isa = PBXFileReference; lastKnownFileType = sourcecode.swift; path = BiometricAuthService.swift; sourceTree = "<group>"; };
		0797F64E2FE10B6E00B52A0C /* BiometricUnlockView.swift */ = {isa = PBXFileReference; lastKnownFileType = sourcecode.swift; path = BiometricUnlockView.swift; sourceTree = "<group>"; };
		0797F6522FE10FCB00B52A0C /* ProfileSheetView.swift */ = {isa = PBXFileReference; lastKnownFileType = sourcecode.swift; path = ProfileSheetView.swift; sourceTree = "<group>"; };
		0797F6542FE114FE00B52A0C /* ProfileButton.swift */ = {isa = PBXFileReference; lastKnownFileType = sourcecode.swift; path = ProfileButton.swift; sourceTree = "<group>"; };
		0797F65A2FE19E0100B52A0C /* UserProfileService.swift */ = {isa = PBXFileReference; lastKnownFileType = sourcecode.swift; path = UserProfileService.swift; sourceTree = "<group>"; };
		0797F65E2FE1A2B100B52A0C /* ProfileCompletionView.swift */ = {isa = PBXFileReference; lastKnownFileType = sourcecode.swift; path = ProfileCompletionView.swift; sourceTree = "<group>"; };
		0797F6622FE212AD00B52A0C /* GameAPIClient.swift */ = {isa = PBXFileReference; lastKnownFileType = sourcecode.swift; path = GameAPIClient.swift; sourceTree = "<group>"; };
		0797F6652FE212D500B52A0C /* GameModels.swift */ = {isa = PBXFileReference; lastKnownFileType = sourcecode.swift; path = GameModels.swift; sourceTree = "<group>"; };
		0797F6672FE212EE00B52A0C /* GameViewModel.swift */ = {isa = PBXFileReference; lastKnownFileType = sourcecode.swift; path = GameViewModel.swift; sourceTree = "<group>"; };
		0797F66B2FE2131B00B52A0C /* GameHomeView.swift */ = {isa = PBXFileReference; lastKnownFileType = sourcecode.swift; path = GameHomeView.swift; sourceTree = "<group>"; };
		0797F66E2FE2136B00B52A0C /* EventPicksView.swift */ = {isa = PBXFileReference; lastKnownFileType = sourcecode.swift; path = EventPicksView.swift; sourceTree = "<group>"; };
		0797F6712FE214E400B52A0C /* dateFormatters.swift */ = {isa = PBXFileReference; lastKnownFileType = sourcecode.swift; path = dateFormatters.swift; sourceTree = "<group>"; };
		0797F6742FE243E600B52A0C /* EventPicksViewModel.swift */ = {isa = PBXFileReference; lastKnownFileType = sourcecode.swift; path = EventPicksViewModel.swift; sourceTree = "<group>"; };
		0797F6762FE2441F00B52A0C /* FightPickCard.swift */ = {isa = PBXFileReference; lastKnownFileType = sourcecode.swift; path = FightPickCard.swift; sourceTree = "<group>"; };
		0797F6782FE24BFE00B52A0C /* EventLeaderboardView.swift */ = {isa = PBXFileReference; lastKnownFileType = sourcecode.swift; path = EventLeaderboardView.swift; sourceTree = "<group>"; };
		0797F67A2FE24C2200B52A0C /* MonthlyLeaderboardView.swift */ = {isa = PBXFileReference; lastKnownFileType = sourcecode.swift; path = MonthlyLeaderboardView.swift; sourceTree = "<group>"; };
		0797F67C2FE24F2600B52A0C /* PostEventResultsView.swift */ = {isa = PBXFileReference; lastKnownFileType = sourcecode.swift; path = PostEventResultsView.swift; sourceTree = "<group>"; };
		B38F0F1ACE4D6C4EA5B5AABC /* Pods_UFC_Predict_Fights.framework */ = {isa = PBXFileReference; explicitFileType = wrapper.framework; includeInIndex = 0; path = Pods_UFC_Predict_Fights.framework; sourceTree = BUILT_PRODUCTS_DIR; };
		E28E3B3FDA23FF861F6CADA0 /* Pods-UFC Predict Fights.release.xcconfig */ = {isa = PBXFileReference; includeInIndex = 1; lastKnownFileType = text.xcconfig; name = "Pods-UFC Predict Fights.release.xcconfig"; path = "Target Support Files/Pods-UFC Predict Fights/Pods-UFC Predict Fights.release.xcconfig"; sourceTree = "<group>"; };
		F5EE1FB64FB5DE75A5C39A8D /* Pods-UFC Predict Fights.debug.xcconfig */ = {isa = PBXFileReference; includeInIndex = 1; lastKnownFileType = text.xcconfig; name = "Pods-UFC Predict Fights.debug.xcconfig"; path = "Target Support Files/Pods-UFC Predict Fights/Pods-UFC Predict Fights.debug.xcconfig"; sourceTree = "<group>"; };
/* End PBXFileReference section */

/* Begin PBXFrameworksBuildPhase section */
		072C52702FCCE45900FEEACD /* Frameworks */ = {
			isa = PBXFrameworksBuildPhase;
			buildActionMask = 2147483647;
			files = (
				0797F6392FE0F9D500B52A0C /* GoogleSignInSwift in Frameworks */,
				09F2543B1308625F3DAD10DF /* Pods_UFC_Predict_Fights.framework in Frameworks */,
				0797F6372FE0F9D500B52A0C /* GoogleSignIn in Frameworks */,
				0797F6342FE0F85200B52A0C /* FirebaseCore in Frameworks */,
				0797F6322FE0F85200B52A0C /* FirebaseAuth in Frameworks */,
				0797F6572FE19CEE00B52A0C /* FirebaseFirestore in Frameworks */,
			);
			runOnlyForDeploymentPostprocessing = 0;
		};
/* End PBXFrameworksBuildPhase section */

/* Begin PBXGroup section */
		072C526A2FCCE45900FEEACD = {
			isa = PBXGroup;
			children = (
				072C52752FCCE45A00FEEACD /* UFC Predict Fights */,
				072C52742FCCE45A00FEEACD /* Products */,
				36763802F7D1F014A868BFD9 /* Pods */,
				6F46B306FF10ABD17633BB39 /* Frameworks */,
			);
			sourceTree = "<group>";
		};
		072C52742FCCE45A00FEEACD /* Products */ = {
			isa = PBXGroup;
			children = (
				072C52732FCCE45A00FEEACD /* UFC Predict Fights.app */,
			);
			name = Products;
			sourceTree = "<group>";
		};
		072C52752FCCE45A00FEEACD /* UFC Predict Fights */ = {
			isa = PBXGroup;
			children = (
				0797F61A2FE0EF8200B52A0C /* GoogleService-Info.plist */,
				07841B0F2FCEC20A005EA7FD /* UFC-Predict-Fights-Info.plist */,
				0797F6602FE2129800B52A0C /* GameAPIClient */,
				07841AF62FCD8AAB005EA7FD /* DesingSystem */,
				07841AEB2FCD827E005EA7FD /* Constant */,
				072C52C52FCD721B00FEEACD /* Feature */,
				072C52762FCCE45A00FEEACD /* UFC_Predict_FightsApp.swift */,
				072C52782FCCE45A00FEEACD /* ContentView.swift */,
				072C527A2FCCE45A00FEEACD /* Assets.xcassets */,
				072C527C2FCCE45A00FEEACD /* Preview Content */,
			);
			path = "UFC Predict Fights";
			sourceTree = "<group>";
		};
		072C527C2FCCE45A00FEEACD /* Preview Content */ = {
			isa = PBXGroup;
			children = (
				072C527D2FCCE45A00FEEACD /* Preview Assets.xcassets */,
			);
			path = "Preview Content";
			sourceTree = "<group>";
		};
		072C52C52FCD721B00FEEACD /* Feature */ = {
			isa = PBXGroup;
			children = (
				0797F6692FE2130F00B52A0C /* Game */,
				0797F6502FE10FBE00B52A0C /* Profile */,
				0797F63A2FE0FA7100B52A0C /* Login */,
				07841B512FD2B328005EA7FD /* Rankings */,
				07841B342FD0195E005EA7FD /* Launch */,
				07841B272FCEFCF5005EA7FD /* Predict */,
				07841B172FCEE397005EA7FD /* Event */,
				072C52C62FCD722B00FEEACD /* Fighters */,
			);
			path = Feature;
			sourceTree = "<group>";
		};
		072C52C62FCD722B00FEEACD /* Fighters */ = {
			isa = PBXGroup;
			children = (
				07841AFE2FCEB59F005EA7FD /* Repository */,
				072C52C82FCD725A00FEEACD /* Model */,
				072C52C72FCD725200FEEACD /* Views */,
			);
			path = Fighters;
			sourceTree = "<group>";
		};
		072C52C72FCD725200FEEACD /* Views */ = {
			isa = PBXGroup;
			children = (
				072C52CD2FCD74DF00FEEACD /* FightersListView.swift */,
				07841AF02FCD88B0005EA7FD /* FighterRow.swift */,
				07841AF42FCD8A88005EA7FD /* FighterDetailView.swift */,
			);
			path = Views;
			sourceTree = "<group>";
		};
		072C52C82FCD725A00FEEACD /* Model */ = {
			isa = PBXGroup;
			children = (
				072C52CB2FCD731F00FEEACD /* FighterListViewModel.swift */,
				07841AF22FCD88FB005EA7FD /* FigtherDetailViewModel.swift */,
			);
			path = Model;
			sourceTree = "<group>";
		};
		07841AEB2FCD827E005EA7FD /* Constant */ = {
			isa = PBXGroup;
			children = (
				07841AEC2FCD8297005EA7FD /* Config.swift */,
				07841AEE2FCD87B6005EA7FD /* Constants.swift */,
			);
			path = Constant;
			sourceTree = "<group>";
		};
		07841AF62FCD8AAB005EA7FD /* DesingSystem */ = {
			isa = PBXGroup;
			children = (
				0797F6702FE214DD00B52A0C /* Helpers */,
				0797F6232FE0F13500B52A0C /* Auth */,
				07841B3F2FD0257B005EA7FD /* Theme */,
				07841B312FCFA785005EA7FD /* Coordinator */,
				07841B072FCEBA74005EA7FD /* Managers */,
				07841B012FCEB748005EA7FD /* Container */,
				07841AF72FCD8ADB005EA7FD /* Components */,
			);
			path = DesingSystem;
			sourceTree = "<group>";
		};
		07841AF72FCD8ADB005EA7FD /* Components */ = {
			isa = PBXGroup;
			children = (
				0797F6542FE114FE00B52A0C /* ProfileButton.swift */,
				0797F60E2FDB3EF400B52A0C /* MarkdownFile.swift */,
				0797F60C2FDA812900B52A0C /* PerformanceChart.swift */,
				0797F6092FDA7E4B00B52A0C /* SegmentedBar.swift */,
				07841AF82FCD8AF1005EA7FD /* DivisionPill.swift */,
				07841B052FCEB80D005EA7FD /* DatabaseErrorView.swift */,
				07841B382FD01A8E005EA7FD /* FighterAvatar.swift */,
			);
			path = Components;
			sourceTree = "<group>";
		};
		07841AFE2FCEB59F005EA7FD /* Repository */ = {
			isa = PBXGroup;
			children = (
				07841AFF2FCEB5BB005EA7FD /* CachedFighter.swift */,
				07841B0B2FCEBBBE005EA7FD /* FighterRepository.swift */,
			);
			path = Repository;
			sourceTree = "<group>";
		};
		07841B012FCEB748005EA7FD /* Container */ = {
			isa = PBXGroup;
			children = (
				07841B022FCEB75F005EA7FD /* SwiftDataContainer.swift */,
			);
			path = Container;
			sourceTree = "<group>";
		};
		07841B072FCEBA74005EA7FD /* Managers */ = {
			isa = PBXGroup;
			children = (
				07841B082FCEBA7A005EA7FD /* SyncManager */,
			);
			path = Managers;
			sourceTree = "<group>";
		};
		07841B082FCEBA7A005EA7FD /* SyncManager */ = {
			isa = PBXGroup;
			children = (
				07841B092FCEBA8B005EA7FD /* SyncManager.swift */,
			);
			path = SyncManager;
			sourceTree = "<group>";
		};
		07841B172FCEE397005EA7FD /* Event */ = {
			isa = PBXGroup;
			children = (
				07841B222FCEE9B0005EA7FD /* Repository */,
				07841B1B2FCEE40F005EA7FD /* View */,
				07841B182FCEE3AF005EA7FD /* ViewModel */,
			);
			path = Event;
			sourceTree = "<group>";
		};
		07841B182FCEE3AF005EA7FD /* ViewModel */ = {
			isa = PBXGroup;
			children = (
				07841B192FCEE3C5005EA7FD /* EventListViewModel.swift */,
				07841B1E2FCEE43E005EA7FD /* EventDetailViewModel.swift */,
			);
			path = ViewModel;
			sourceTree = "<group>";
		};
		07841B1B2FCEE40F005EA7FD /* View */ = {
			isa = PBXGroup;
			children = (
				07841B1C2FCEE41F005EA7FD /* EventListView.swift */,
				07841B202FCEE465005EA7FD /* EventDetailView.swift */,
			);
			path = View;
			sourceTree = "<group>";
		};
		07841B222FCEE9B0005EA7FD /* Repository */ = {
			isa = PBXGroup;
			children = (
				07841B232FCEE9D0005EA7FD /* CachedEvent.swift */,
				07841B252FCEEA83005EA7FD /* EventRepository.swift */,
			);
			path = Repository;
			sourceTree = "<group>";
		};
		07841B272FCEFCF5005EA7FD /* Predict */ = {
			isa = PBXGroup;
			children = (
				07841B3A2FD021B9005EA7FD /* Repository */,
				07841B2C2FCEFD46005EA7FD /* ViewModel */,
				07841B282FCEFD0F005EA7FD /* View */,
			);
			path = Predict;
			sourceTree = "<group>";
		};
		07841B282FCEFD0F005EA7FD /* View */ = {
			isa = PBXGroup;
			children = (
				07841B292FCEFD1E005EA7FD /* FighterPickerView.swift */,
				07841B2F2FCEFD9E005EA7FD /* PredictionView.swift */,
				07841B3D2FD0231D005EA7FD /* PredictionHistoryView.swift */,
			);
			path = View;
			sourceTree = "<group>";
		};
		07841B2C2FCEFD46005EA7FD /* ViewModel */ = {
			isa = PBXGroup;
			children = (
				07841B2D2FCEFD5A005EA7FD /* PredictionViewModel.swift */,
			);
			path = ViewModel;
			sourceTree = "<group>";
		};
		07841B312FCFA785005EA7FD /* Coordinator */ = {
			isa = PBXGroup;
			children = (
				07841B322FCFA796005EA7FD /* AppCoordinator.swift */,
			);
			path = Coordinator;
			sourceTree = "<group>";
		};
		07841B342FD0195E005EA7FD /* Launch */ = {
			isa = PBXGroup;
			children = (
				07841B362FD0198B005EA7FD /* LaunchView.swift */,
			);
			path = Launch;
			sourceTree = "<group>";
		};
		07841B3A2FD021B9005EA7FD /* Repository */ = {
			isa = PBXGroup;
			children = (
				07841B3B2FD021CC005EA7FD /* CachedPrediction.swift */,
			);
			path = Repository;
			sourceTree = "<group>";
		};
		07841B3F2FD0257B005EA7FD /* Theme */ = {
			isa = PBXGroup;
			children = (
				07841B412FD02589005EA7FD /* Manager */,
				07841B402FD02583005EA7FD /* Colors */,
			);
			path = Theme;
			sourceTree = "<group>";
		};
		07841B402FD02583005EA7FD /* Colors */ = {
			isa = PBXGroup;
			children = (
				07841B442FD025BB005EA7FD /* BSColor.swift */,
			);
			path = Colors;
			sourceTree = "<group>";
		};
		07841B412FD02589005EA7FD /* Manager */ = {
			isa = PBXGroup;
			children = (
				07841B422FD02598005EA7FD /* ThemeManager.swift */,
			);
			path = Manager;
			sourceTree = "<group>";
		};
		07841B512FD2B328005EA7FD /* Rankings */ = {
			isa = PBXGroup;
			children = (
				07841B582FD2C0E1005EA7FD /* Repository */,
				07841B552FD2B35B005EA7FD /* View */,
				07841B522FD2B330005EA7FD /* Model */,
			);
			path = Rankings;
			sourceTree = "<group>";
		};
		07841B522FD2B330005EA7FD /* Model */ = {
			isa = PBXGroup;
			children = (
				0797F6122FDF608C00B52A0C /* EloRankingsViewModel.swift */,
				07841B532FD2B341005EA7FD /* RankingsViewModel.swift */,
			);
			path = Model;
			sourceTree = "<group>";
		};
		07841B552FD2B35B005EA7FD /* View */ = {
			isa = PBXGroup;
			children = (
				0797F6142FDF60CF00B52A0C /* EloRankingsView.swift */,
				07841B562FD2B36A005EA7FD /* RankingsView.swift */,
			);
			path = View;
			sourceTree = "<group>";
		};
		07841B582FD2C0E1005EA7FD /* Repository */ = {
			isa = PBXGroup;
			children = (
				0797F6162FDF63B200B52A0C /* CachedEloRanking.swift */,
				07841B592FD2C109005EA7FD /* CachedRanking.swift */,
				07841B5B2FD2C21D005EA7FD /* RankingRepository.swift */,
			);
			path = Repository;
			sourceTree = "<group>";
		};
		0797F6222FE0F13500B52A0C /* State */ = {
			isa = PBXGroup;
			children = (
				0797F6212FE0F13500B52A0C /* AuthState.swift */,
			);
			path = State;
			sourceTree = "<group>";
		};
		0797F6232FE0F13500B52A0C /* Auth */ = {
			isa = PBXGroup;
			children = (
				0797F64B2FE10A5300B52A0C /* Biometrics */,
				0797F6462FE1000500B52A0C /* Gate */,
				0797F62B2FE0F19500B52A0C /* ViewModel */,
				0797F6282FE0F17A00B52A0C /* Service */,
				0797F6252FE0F15200B52A0C /* Policy */,
				0797F6222FE0F13500B52A0C /* State */,
			);
			path = Auth;
			sourceTree = "<group>";
		};
		0797F6252FE0F15200B52A0C /* Policy */ = {
			isa = PBXGroup;
			children = (
				0797F6262FE0F15900B52A0C /* SessionPolicy.swift */,
			);
			path = Policy;
			sourceTree = "<group>";
		};
		0797F6282FE0F17A00B52A0C /* Service */ = {
			isa = PBXGroup;
			children = (
				0797F6292FE0F18000B52A0C /* AuthService.swift */,
			);
			path = Service;
			sourceTree = "<group>";
		};
		0797F62B2FE0F19500B52A0C /* ViewModel */ = {
			isa = PBXGroup;
			children = (
				0797F62E2FE0F1BA00B52A0C /* ProtectedDestination.swift */,
				0797F62C2FE0F19A00B52A0C /* AuthViewModel.swift */,
			);
			path = ViewModel;
			sourceTree = "<group>";
		};
		0797F63A2FE0FA7100B52A0C /* Login */ = {
			isa = PBXGroup;
			children = (
				0797F6592FE19DF900B52A0C /* Service */,
				0797F6432FE0FAEB00B52A0C /* Components */,
				0797F63C2FE0FA9800B52A0C /* View */,
			);
			path = Login;
			sourceTree = "<group>";
		};
		0797F63C2FE0FA9800B52A0C /* View */ = {
			isa = PBXGroup;
			children = (
				0797F64E2FE10B6E00B52A0C /* BiometricUnlockView.swift */,
				0797F6412FE0FACC00B52A0C /* ForgotPasswordView.swift */,
				0797F63F2FE0FAB300B52A0C /* SignUpView.swift */,
				0797F63D2FE0FA9C00B52A0C /* LoginView.swift */,
			);
			path = View;
			sourceTree = "<group>";
		};
		0797F6432FE0FAEB00B52A0C /* Components */ = {
			isa = PBXGroup;
			children = (
				0797F6442FE0FAF200B52A0C /* AuthComponents.swift */,
			);
			path = Components;
			sourceTree = "<group>";
		};
		0797F6462FE1000500B52A0C /* Gate */ = {
			isa = PBXGroup;
			children = (
				0797F6472FE1000900B52A0C /* AuthGateModifier.swift */,
			);
			path = Gate;
			sourceTree = "<group>";
		};
		0797F64B2FE10A5300B52A0C /* Biometrics */ = {
			isa = PBXGroup;
			children = (
				0797F64C2FE10A5B00B52A0C /* BiometricAuthService.swift */,
			);
			path = Biometrics;
			sourceTree = "<group>";
		};
		0797F6502FE10FBE00B52A0C /* Profile */ = {
			isa = PBXGroup;
			children = (
				0797F6512FE10FC400B52A0C /* View */,
			);
			path = Profile;
			sourceTree = "<group>";
		};
		0797F6512FE10FC400B52A0C /* View */ = {
			isa = PBXGroup;
			children = (
				0797F65E2FE1A2B100B52A0C /* ProfileCompletionView.swift */,
				0797F6522FE10FCB00B52A0C /* ProfileSheetView.swift */,
			);
			path = View;
			sourceTree = "<group>";
		};
		0797F6592FE19DF900B52A0C /* Service */ = {
			isa = PBXGroup;
			children = (
				0797F65A2FE19E0100B52A0C /* UserProfileService.swift */,
			);
			path = Service;
			sourceTree = "<group>";
		};
		0797F6602FE2129800B52A0C /* GameAPIClient */ = {
			isa = PBXGroup;
			children = (
				0797F6642FE212D100B52A0C /* Models */,
				0797F6612FE212A500B52A0C /* Client */,
			);
			path = GameAPIClient;
			sourceTree = "<group>";
		};
		0797F6612FE212A500B52A0C /* Client */ = {
			isa = PBXGroup;
			children = (
				0797F6622FE212AD00B52A0C /* GameAPIClient.swift */,
			);
			path = Client;
			sourceTree = "<group>";
		};
		0797F6642FE212D100B52A0C /* Models */ = {
			isa = PBXGroup;
			children = (
				0797F6672FE212EE00B52A0C /* GameViewModel.swift */,
				0797F6652FE212D500B52A0C /* GameModels.swift */,
			);
			path = Models;
			sourceTree = "<group>";
		};
		0797F6692FE2130F00B52A0C /* Game */ = {
			isa = PBXGroup;
			children = (
				0797F6732FE243DF00B52A0C /* ViewModels */,
				0797F66A2FE2131400B52A0C /* View */,
			);
			path = Game;
			sourceTree = "<group>";
		};
		0797F66A2FE2131400B52A0C /* View */ = {
			isa = PBXGroup;
			children = (
				0797F66D2FE2136300B52A0C /* Placehoders */,
				0797F66B2FE2131B00B52A0C /* GameHomeView.swift */,
				0797F67C2FE24F2600B52A0C /* PostEventResultsView.swift */,
				0797F6782FE24BFE00B52A0C /* EventLeaderboardView.swift */,
				0797F67A2FE24C2200B52A0C /* MonthlyLeaderboardView.swift */,
			);
			path = View;
			sourceTree = "<group>";
		};
		0797F66D2FE2136300B52A0C /* Placehoders */ = {
			isa = PBXGroup;
			children = (
				0797F66E2FE2136B00B52A0C /* EventPicksView.swift */,
				0797F6762FE2441F00B52A0C /* FightPickCard.swift */,
			);
			path = Placehoders;
			sourceTree = "<group>";
		};
		0797F6702FE214DD00B52A0C /* Helpers */ = {
			isa = PBXGroup;
			children = (
				0797F6712FE214E400B52A0C /* dateFormatters.swift */,
			);
			path = Helpers;
			sourceTree = "<group>";
		};
		0797F6732FE243DF00B52A0C /* ViewModels */ = {
			isa = PBXGroup;
			children = (
				0797F6742FE243E600B52A0C /* EventPicksViewModel.swift */,
			);
			path = ViewModels;
			sourceTree = "<group>";
		};
		36763802F7D1F014A868BFD9 /* Pods */ = {
			isa = PBXGroup;
			children = (
				F5EE1FB64FB5DE75A5C39A8D /* Pods-UFC Predict Fights.debug.xcconfig */,
				E28E3B3FDA23FF861F6CADA0 /* Pods-UFC Predict Fights.release.xcconfig */,
			);
			path = Pods;
			sourceTree = "<group>";
		};
		6F46B306FF10ABD17633BB39 /* Frameworks */ = {
			isa = PBXGroup;
			children = (
				B38F0F1ACE4D6C4EA5B5AABC /* Pods_UFC_Predict_Fights.framework */,
			);
			name = Frameworks;
			sourceTree = "<group>";
		};
/* End PBXGroup section */

/* Begin PBXNativeTarget section */
		072C52722FCCE45900FEEACD /* UFC Predict Fights */ = {
			isa = PBXNativeTarget;
			buildConfigurationList = 072C52812FCCE45A00FEEACD /* Build configuration list for PBXNativeTarget "UFC Predict Fights" */;
			buildPhases = (
				8210EC369E1BEC75C4DD47DE /* [CP] Check Pods Manifest.lock */,
				072C526F2FCCE45900FEEACD /* Sources */,
				072C52702FCCE45900FEEACD /* Frameworks */,
				072C52712FCCE45900FEEACD /* Resources */,
				3B30FD97E7B3C8F04C90E96E /* [CP] Embed Pods Frameworks */,
			);
			buildRules = (
			);
			dependencies = (
			);
			name = "UFC Predict Fights";
			productName = "UFC Predict Fights";
			productReference = 072C52732FCCE45A00FEEACD /* UFC Predict Fights.app */;
			productType = "com.apple.product-type.application";
		};
/* End PBXNativeTarget section */

/* Begin PBXProject section */
		072C526B2FCCE45900FEEACD /* Project object */ = {
			isa = PBXProject;
			attributes = {
				BuildIndependentTargetsInParallel = 1;
				LastSwiftUpdateCheck = 1540;
				LastUpgradeCheck = 2650;
				TargetAttributes = {
					072C52722FCCE45900FEEACD = {
						CreatedOnToolsVersion = 15.4;
					};
				};
			};
			buildConfigurationList = 072C526E2FCCE45900FEEACD /* Build configuration list for PBXProject "UFC Predict Fights" */;
			compatibilityVersion = "Xcode 14.0";
			developmentRegion = en;
			hasScannedForEncodings = 0;
			knownRegions = (
				en,
				Base,
			);
			mainGroup = 072C526A2FCCE45900FEEACD;
			packageReferences = (
				0797F6302FE0F85200B52A0C /* XCRemoteSwiftPackageReference "firebase-ios-sdk" */,
				0797F6352FE0F9D500B52A0C /* XCRemoteSwiftPackageReference "GoogleSignIn-iOS" */,
			);
			productRefGroup = 072C52742FCCE45A00FEEACD /* Products */;
			projectDirPath = "";
			projectRoot = "";
			targets = (
				072C52722FCCE45900FEEACD /* UFC Predict Fights */,
			);
		};
/* End PBXProject section */

/* Begin PBXResourcesBuildPhase section */
		072C52712FCCE45900FEEACD /* Resources */ = {
			isa = PBXResourcesBuildPhase;
			buildActionMask = 2147483647;
			files = (
				072C527E2FCCE45A00FEEACD /* Preview Assets.xcassets in Resources */,
				0797F61B2FE0EF8200B52A0C /* GoogleService-Info.plist in Resources */,
				072C527B2FCCE45A00FEEACD /* Assets.xcassets in Resources */,
			);
			runOnlyForDeploymentPostprocessing = 0;
		};
/* End PBXResourcesBuildPhase section */

/* Begin PBXShellScriptBuildPhase section */
		3B30FD97E7B3C8F04C90E96E /* [CP] Embed Pods Frameworks */ = {
			isa = PBXShellScriptBuildPhase;
			buildActionMask = 2147483647;
			files = (
			);
			inputFileListPaths = (
				"${PODS_ROOT}/Target Support Files/Pods-UFC Predict Fights/Pods-UFC Predict Fights-frameworks-${CONFIGURATION}-input-files.xcfilelist",
			);
			inputPaths = (
			);
			name = "[CP] Embed Pods Frameworks";
			outputFileListPaths = (
				"${PODS_ROOT}/Target Support Files/Pods-UFC Predict Fights/Pods-UFC Predict Fights-frameworks-${CONFIGURATION}-output-files.xcfilelist",
			);
			outputPaths = (
			);
			runOnlyForDeploymentPostprocessing = 0;
			shellPath = /bin/sh;
			shellScript = "\"${PODS_ROOT}/Target Support Files/Pods-UFC Predict Fights/Pods-UFC Predict Fights-frameworks.sh\"\n";
			showEnvVarsInLog = 0;
		};
		8210EC369E1BEC75C4DD47DE /* [CP] Check Pods Manifest.lock */ = {
			isa = PBXShellScriptBuildPhase;
			buildActionMask = 2147483647;
			files = (
			);
			inputFileListPaths = (
			);
			inputPaths = (
				"${PODS_PODFILE_DIR_PATH}/Podfile.lock",
				"${PODS_ROOT}/Manifest.lock",
			);
			name = "[CP] Check Pods Manifest.lock";
			outputFileListPaths = (
			);
			outputPaths = (
				"$(DERIVED_FILE_DIR)/Pods-UFC Predict Fights-checkManifestLockResult.txt",
			);
			runOnlyForDeploymentPostprocessing = 0;
			shellPath = /bin/sh;
			shellScript = "diff \"${PODS_PODFILE_DIR_PATH}/Podfile.lock\" \"${PODS_ROOT}/Manifest.lock\" > /dev/null\nif [ $? != 0 ] ; then\n    # print error to STDERR\n    echo \"error: The sandbox is not in sync with the Podfile.lock. Run 'pod install' or update your CocoaPods installation.\" >&2\n    exit 1\nfi\n# This output is used by Xcode 'outputs' to avoid re-running this script phase.\necho \"SUCCESS\" > \"${SCRIPT_OUTPUT_FILE_0}\"\n";
			showEnvVarsInLog = 0;
		};
/* End PBXShellScriptBuildPhase section */

/* Begin PBXSourcesBuildPhase section */
		072C526F2FCCE45900FEEACD /* Sources */ = {
			isa = PBXSourcesBuildPhase;
			buildActionMask = 2147483647;
			files = (
				07841B062FCEB80D005EA7FD /* DatabaseErrorView.swift in Sources */,
				07841B572FD2B36A005EA7FD /* RankingsView.swift in Sources */,
				07841B2E2FCEFD5A005EA7FD /* PredictionViewModel.swift in Sources */,
				0797F6552FE1150400B52A0C /* ProfileButton.swift in Sources */,
				07841B332FCFA796005EA7FD /* AppCoordinator.swift in Sources */,
				0797F65B2FE19E0300B52A0C /* UserProfileService.swift in Sources */,
				07841B1D2FCEE41F005EA7FD /* EventListView.swift in Sources */,
				0797F6172FDF63B300B52A0C /* CachedEloRanking.swift in Sources */,
				0797F6452FE0FAF600B52A0C /* AuthComponents.swift in Sources */,
				07841B262FCEEA83005EA7FD /* EventRepository.swift in Sources */,
				072C52792FCCE45A00FEEACD /* ContentView.swift in Sources */,
				07841B242FCEE9D0005EA7FD /* CachedEvent.swift in Sources */,
				07841AF12FCD88B0005EA7FD /* FighterRow.swift in Sources */,
				0797F6632FE212B200B52A0C /* GameAPIClient.swift in Sources */,
				0797F6402FE0FAB400B52A0C /* SignUpView.swift in Sources */,
				07841B002FCEB5BB005EA7FD /* CachedFighter.swift in Sources */,
				07841AF52FCD8A88005EA7FD /* FighterDetailView.swift in Sources */,
				0797F62A2FE0F18400B52A0C /* AuthService.swift in Sources */,
				0797F64F2FE10B6E00B52A0C /* BiometricUnlockView.swift in Sources */,
				07841B302FCEFD9E005EA7FD /* PredictionView.swift in Sources */,
				07841B3E2FD0231D005EA7FD /* PredictionHistoryView.swift in Sources */,
				07841B0A2FCEBA8B005EA7FD /* SyncManager.swift in Sources */,
				07841B1F2FCEE43E005EA7FD /* EventDetailViewModel.swift in Sources */,
				0797F6422FE0FACD00B52A0C /* ForgotPasswordView.swift in Sources */,
				0797F67B2FE24C2300B52A0C /* MonthlyLeaderboardView.swift in Sources */,
				0797F64D2FE10A5C00B52A0C /* BiometricAuthService.swift in Sources */,
				0797F6792FE24C0300B52A0C /* EventLeaderboardView.swift in Sources */,
				0797F60F2FDB3F0500B52A0C /* MarkdownFile.swift in Sources */,
				07841B2A2FCEFD1E005EA7FD /* FighterPickerView.swift in Sources */,
				072C52772FCCE45A00FEEACD /* UFC_Predict_FightsApp.swift in Sources */,
				07841B3C2FD021CC005EA7FD /* CachedPrediction.swift in Sources */,
				072C52CC2FCD731F00FEEACD /* FighterListViewModel.swift in Sources */,
				0797F6722FE214F300B52A0C /* dateFormatters.swift in Sources */,
				07841B432FD02598005EA7FD /* ThemeManager.swift in Sources */,
				072C52CE2FCD74DF00FEEACD /* FightersListView.swift in Sources */,
				0797F6532FE10FCC00B52A0C /* ProfileSheetView.swift in Sources */,
				07841B542FD2B341005EA7FD /* RankingsViewModel.swift in Sources */,
				07841B392FD01A8E005EA7FD /* FighterAvatar.swift in Sources */,
				0797F65F2FE1A2B900B52A0C /* ProfileCompletionView.swift in Sources */,
				07841AED2FCD8297005EA7FD /* Config.swift in Sources */,
				07841B5A2FD2C109005EA7FD /* CachedRanking.swift in Sources */,
				0797F60D2FDA813500B52A0C /* PerformanceChart.swift in Sources */,
				0797F6242FE0F13500B52A0C /* AuthState.swift in Sources */,
				0797F63E2FE0FA9E00B52A0C /* LoginView.swift in Sources */,
				07841B0C2FCEBBBE005EA7FD /* FighterRepository.swift in Sources */,
				07841B1A2FCEE3C5005EA7FD /* EventListViewModel.swift in Sources */,
				0797F62F2FE0F1BA00B52A0C /* ProtectedDestination.swift in Sources */,
				0797F6662FE212DB00B52A0C /* GameModels.swift in Sources */,
				0797F6132FDF609700B52A0C /* EloRankingsViewModel.swift in Sources */,
				07841B5C2FD2C21D005EA7FD /* RankingRepository.swift in Sources */,
				0797F6272FE0F16100B52A0C /* SessionPolicy.swift in Sources */,
				0797F6682FE212F200B52A0C /* GameViewModel.swift in Sources */,
				0797F6772FE2442000B52A0C /* FightPickCard.swift in Sources */,
				07841AF92FCD8AF1005EA7FD /* DivisionPill.swift in Sources */,
				0797F67D2FE24F2800B52A0C /* PostEventResultsView.swift in Sources */,
				0797F60A2FDA7E6800B52A0C /* SegmentedBar.swift in Sources */,
				0797F6482FE1001800B52A0C /* AuthGateModifier.swift in Sources */,
				0797F66F2FE2136D00B52A0C /* EventPicksView.swift in Sources */,
				0797F6152FDF60D500B52A0C /* EloRankingsView.swift in Sources */,
				07841B212FCEE465005EA7FD /* EventDetailView.swift in Sources */,
				0797F62D2FE0F19E00B52A0C /* AuthViewModel.swift in Sources */,
				07841B032FCEB75F005EA7FD /* SwiftDataContainer.swift in Sources */,
				07841B452FD025BB005EA7FD /* BSColor.swift in Sources */,
				07841AEF2FCD87B6005EA7FD /* Constants.swift in Sources */,
				0797F6752FE243E700B52A0C /* EventPicksViewModel.swift in Sources */,
				07841B372FD0198B005EA7FD /* LaunchView.swift in Sources */,
				0797F66C2FE2131C00B52A0C /* GameHomeView.swift in Sources */,
				07841AF32FCD88FB005EA7FD /* FigtherDetailViewModel.swift in Sources */,
			);
			runOnlyForDeploymentPostprocessing = 0;
		};
/* End PBXSourcesBuildPhase section */

/* Begin XCBuildConfiguration section */
		072C527F2FCCE45A00FEEACD /* Debug */ = {
			isa = XCBuildConfiguration;
			buildSettings = {
				ALWAYS_SEARCH_USER_PATHS = NO;
				ASSETCATALOG_COMPILER_GENERATE_SWIFT_ASSET_SYMBOL_EXTENSIONS = YES;
				CLANG_ANALYZER_NONNULL = YES;
				CLANG_ANALYZER_NUMBER_OBJECT_CONVERSION = YES_AGGRESSIVE;
				CLANG_CXX_LANGUAGE_STANDARD = "gnu++20";
				CLANG_ENABLE_MODULES = YES;
				CLANG_ENABLE_OBJC_ARC = YES;
				CLANG_ENABLE_OBJC_WEAK = YES;
				CLANG_WARN_BLOCK_CAPTURE_AUTORELEASING = YES;
				CLANG_WARN_BOOL_CONVERSION = YES;
				CLANG_WARN_COMMA = YES;
				CLANG_WARN_CONSTANT_CONVERSION = YES;
				CLANG_WARN_DEPRECATED_OBJC_IMPLEMENTATIONS = YES;
				CLANG_WARN_DIRECT_OBJC_ISA_USAGE = YES_ERROR;
				CLANG_WARN_DOCUMENTATION_COMMENTS = YES;
				CLANG_WARN_EMPTY_BODY = YES;
				CLANG_WARN_ENUM_CONVERSION = YES;
				CLANG_WARN_INFINITE_RECURSION = YES;
				CLANG_WARN_INT_CONVERSION = YES;
				CLANG_WARN_NON_LITERAL_NULL_CONVERSION = YES;
				CLANG_WARN_OBJC_IMPLICIT_RETAIN_SELF = YES;
				CLANG_WARN_OBJC_LITERAL_CONVERSION = YES;
				CLANG_WARN_OBJC_ROOT_CLASS = YES_ERROR;
				CLANG_WARN_QUOTED_INCLUDE_IN_FRAMEWORK_HEADER = YES;
				CLANG_WARN_RANGE_LOOP_ANALYSIS = YES;
				CLANG_WARN_STRICT_PROTOTYPES = YES;
				CLANG_WARN_SUSPICIOUS_MOVE = YES;
				CLANG_WARN_UNGUARDED_AVAILABILITY = YES_AGGRESSIVE;
				CLANG_WARN_UNREACHABLE_CODE = YES;
				CLANG_WARN__DUPLICATE_METHOD_MATCH = YES;
				COPY_PHASE_STRIP = NO;
				DEBUG_INFORMATION_FORMAT = dwarf;
				DEVELOPMENT_TEAM = Z444V52N8H;
				ENABLE_STRICT_OBJC_MSGSEND = YES;
				ENABLE_TESTABILITY = YES;
				ENABLE_USER_SCRIPT_SANDBOXING = NO;
				GCC_C_LANGUAGE_STANDARD = gnu17;
				GCC_DYNAMIC_NO_PIC = NO;
				GCC_NO_COMMON_BLOCKS = YES;
				GCC_OPTIMIZATION_LEVEL = 0;
				GCC_PREPROCESSOR_DEFINITIONS = (
					"DEBUG=1",
					"$(inherited)",
				);
				GCC_WARN_64_TO_32_BIT_CONVERSION = YES;
				GCC_WARN_ABOUT_RETURN_TYPE = YES_ERROR;
				GCC_WARN_UNDECLARED_SELECTOR = YES;
				GCC_WARN_UNINITIALIZED_AUTOS = YES_AGGRESSIVE;
				GCC_WARN_UNUSED_FUNCTION = YES;
				GCC_WARN_UNUSED_VARIABLE = YES;
				IPHONEOS_DEPLOYMENT_TARGET = 17.5;
				LOCALIZATION_PREFERS_STRING_CATALOGS = YES;
				MTL_ENABLE_DEBUG_INFO = INCLUDE_SOURCE;
				MTL_FAST_MATH = YES;
				ONLY_ACTIVE_ARCH = YES;
				SDKROOT = iphoneos;
				STRING_CATALOG_GENERATE_SYMBOLS = YES;
				SWIFT_ACTIVE_COMPILATION_CONDITIONS = "DEBUG $(inherited)";
				SWIFT_OPTIMIZATION_LEVEL = "-Onone";
			};
			name = Debug;
		};
		072C52802FCCE45A00FEEACD /* Release */ = {
			isa = XCBuildConfiguration;
			buildSettings = {
				ALWAYS_SEARCH_USER_PATHS = NO;
				ASSETCATALOG_COMPILER_GENERATE_SWIFT_ASSET_SYMBOL_EXTENSIONS = YES;
				CLANG_ANALYZER_NONNULL = YES;
				CLANG_ANALYZER_NUMBER_OBJECT_CONVERSION = YES_AGGRESSIVE;
				CLANG_CXX_LANGUAGE_STANDARD = "gnu++20";
				CLANG_ENABLE_MODULES = YES;
				CLANG_ENABLE_OBJC_ARC = YES;
				CLANG_ENABLE_OBJC_WEAK = YES;
				CLANG_WARN_BLOCK_CAPTURE_AUTORELEASING = YES;
				CLANG_WARN_BOOL_CONVERSION = YES;
				CLANG_WARN_COMMA = YES;
				CLANG_WARN_CONSTANT_CONVERSION = YES;
				CLANG_WARN_DEPRECATED_OBJC_IMPLEMENTATIONS = YES;
				CLANG_WARN_DIRECT_OBJC_ISA_USAGE = YES_ERROR;
				CLANG_WARN_DOCUMENTATION_COMMENTS = YES;
				CLANG_WARN_EMPTY_BODY = YES;
				CLANG_WARN_ENUM_CONVERSION = YES;
				CLANG_WARN_INFINITE_RECURSION = YES;
				CLANG_WARN_INT_CONVERSION = YES;
				CLANG_WARN_NON_LITERAL_NULL_CONVERSION = YES;
				CLANG_WARN_OBJC_IMPLICIT_RETAIN_SELF = YES;
				CLANG_WARN_OBJC_LITERAL_CONVERSION = YES;
				CLANG_WARN_OBJC_ROOT_CLASS = YES_ERROR;
				CLANG_WARN_QUOTED_INCLUDE_IN_FRAMEWORK_HEADER = YES;
				CLANG_WARN_RANGE_LOOP_ANALYSIS = YES;
				CLANG_WARN_STRICT_PROTOTYPES = YES;
				CLANG_WARN_SUSPICIOUS_MOVE = YES;
				CLANG_WARN_UNGUARDED_AVAILABILITY = YES_AGGRESSIVE;
				CLANG_WARN_UNREACHABLE_CODE = YES;
				CLANG_WARN__DUPLICATE_METHOD_MATCH = YES;
				COPY_PHASE_STRIP = NO;
				DEBUG_INFORMATION_FORMAT = "dwarf-with-dsym";
				DEVELOPMENT_TEAM = Z444V52N8H;
				ENABLE_NS_ASSERTIONS = NO;
				ENABLE_STRICT_OBJC_MSGSEND = YES;
				ENABLE_USER_SCRIPT_SANDBOXING = NO;
				GCC_C_LANGUAGE_STANDARD = gnu17;
				GCC_NO_COMMON_BLOCKS = YES;
				GCC_WARN_64_TO_32_BIT_CONVERSION = YES;
				GCC_WARN_ABOUT_RETURN_TYPE = YES_ERROR;
				GCC_WARN_UNDECLARED_SELECTOR = YES;
				GCC_WARN_UNINITIALIZED_AUTOS = YES_AGGRESSIVE;
				GCC_WARN_UNUSED_FUNCTION = YES;
				GCC_WARN_UNUSED_VARIABLE = YES;
				IPHONEOS_DEPLOYMENT_TARGET = 17.5;
				LOCALIZATION_PREFERS_STRING_CATALOGS = YES;
				MTL_ENABLE_DEBUG_INFO = NO;
				MTL_FAST_MATH = YES;
				SDKROOT = iphoneos;
				STRING_CATALOG_GENERATE_SYMBOLS = YES;
				SWIFT_COMPILATION_MODE = wholemodule;
				VALIDATE_PRODUCT = YES;
			};
			name = Release;
		};
		072C52822FCCE45A00FEEACD /* Debug */ = {
			isa = XCBuildConfiguration;
			baseConfigurationReference = F5EE1FB64FB5DE75A5C39A8D /* Pods-UFC Predict Fights.debug.xcconfig */;
			buildSettings = {
				ASSETCATALOG_COMPILER_APPICON_NAME = AppIcon;
				ASSETCATALOG_COMPILER_GLOBAL_ACCENT_COLOR_NAME = AccentColor;
				ASSETCATALOG_COMPILER_INCLUDE_ALL_APPICON_ASSETS = YES;
				CODE_SIGN_STYLE = Automatic;
				CURRENT_PROJECT_VERSION = 1;
				DEVELOPMENT_ASSET_PATHS = "\"UFC Predict Fights/Preview Content\"";
				ENABLE_PREVIEWS = YES;
				GENERATE_INFOPLIST_FILE = YES;
				INFOPLIST_FILE = "UFC-Predict-Fights-Info.plist";
				INFOPLIST_KEY_CFBundleDisplayName = OctAIQ;
				INFOPLIST_KEY_LSApplicationCategoryType = "public.app-category.sports";
				INFOPLIST_KEY_NSFaceIDUsageDescription = "OctAIQ uses Face ID to quickly unlock your account";
				INFOPLIST_KEY_UIApplicationSceneManifest_Generation = YES;
				INFOPLIST_KEY_UIApplicationSupportsIndirectInputEvents = YES;
				INFOPLIST_KEY_UILaunchScreen_Generation = YES;
				INFOPLIST_KEY_UISupportedInterfaceOrientations_iPad = "UIInterfaceOrientationPortrait UIInterfaceOrientationPortraitUpsideDown UIInterfaceOrientationLandscapeLeft UIInterfaceOrientationLandscapeRight";
				INFOPLIST_KEY_UISupportedInterfaceOrientations_iPhone = "UIInterfaceOrientationPortrait UIInterfaceOrientationLandscapeLeft UIInterfaceOrientationLandscapeRight";
				IPHONEOS_DEPLOYMENT_TARGET = 17.0;
				LD_RUNPATH_SEARCH_PATHS = (
					"$(inherited)",
					"@executable_path/Frameworks",
				);
				MARKETING_VERSION = 1.0;
				PRODUCT_BUNDLE_IDENTIFIER = "com.jose.perez.UFC-Predict-Fights";
				PRODUCT_NAME = "$(TARGET_NAME)";
				SUPPORTED_PLATFORMS = "iphoneos iphonesimulator";
				SUPPORTS_MACCATALYST = NO;
				SUPPORTS_MAC_DESIGNED_FOR_IPHONE_IPAD = NO;
				SUPPORTS_XR_DESIGNED_FOR_IPHONE_IPAD = NO;
				SWIFT_EMIT_LOC_STRINGS = YES;
				SWIFT_VERSION = 5.0;
				TARGETED_DEVICE_FAMILY = "1,2";
			};
			name = Debug;
		};
		072C52832FCCE45A00FEEACD /* Release */ = {
			isa = XCBuildConfiguration;
			baseConfigurationReference = E28E3B3FDA23FF861F6CADA0 /* Pods-UFC Predict Fights.release.xcconfig */;
			buildSettings = {
				ASSETCATALOG_COMPILER_APPICON_NAME = AppIcon;
				ASSETCATALOG_COMPILER_GLOBAL_ACCENT_COLOR_NAME = AccentColor;
				ASSETCATALOG_COMPILER_INCLUDE_ALL_APPICON_ASSETS = YES;
				CODE_SIGN_STYLE = Automatic;
				CURRENT_PROJECT_VERSION = 1;
				DEVELOPMENT_ASSET_PATHS = "\"UFC Predict Fights/Preview Content\"";
				ENABLE_PREVIEWS = YES;
				GENERATE_INFOPLIST_FILE = YES;
				INFOPLIST_FILE = "UFC-Predict-Fights-Info.plist";
				INFOPLIST_KEY_CFBundleDisplayName = OctAIQ;
				INFOPLIST_KEY_LSApplicationCategoryType = "public.app-category.sports";
				INFOPLIST_KEY_NSFaceIDUsageDescription = "OctAIQ uses Face ID to quickly unlock your account";
				INFOPLIST_KEY_UIApplicationSceneManifest_Generation = YES;
				INFOPLIST_KEY_UIApplicationSupportsIndirectInputEvents = YES;
				INFOPLIST_KEY_UILaunchScreen_Generation = YES;
				INFOPLIST_KEY_UISupportedInterfaceOrientations_iPad = "UIInterfaceOrientationPortrait UIInterfaceOrientationPortraitUpsideDown UIInterfaceOrientationLandscapeLeft UIInterfaceOrientationLandscapeRight";
				INFOPLIST_KEY_UISupportedInterfaceOrientations_iPhone = "UIInterfaceOrientationPortrait UIInterfaceOrientationLandscapeLeft UIInterfaceOrientationLandscapeRight";
				IPHONEOS_DEPLOYMENT_TARGET = 17.0;
				LD_RUNPATH_SEARCH_PATHS = (
					"$(inherited)",
					"@executable_path/Frameworks",
				);
				MARKETING_VERSION = 1.0;
				PRODUCT_BUNDLE_IDENTIFIER = "com.jose.perez.UFC-Predict-Fights";
				PRODUCT_NAME = "$(TARGET_NAME)";
				SUPPORTED_PLATFORMS = "iphoneos iphonesimulator";
				SUPPORTS_MACCATALYST = NO;
				SUPPORTS_MAC_DESIGNED_FOR_IPHONE_IPAD = NO;
				SUPPORTS_XR_DESIGNED_FOR_IPHONE_IPAD = NO;
				SWIFT_EMIT_LOC_STRINGS = YES;
				SWIFT_VERSION = 5.0;
				TARGETED_DEVICE_FAMILY = "1,2";
			};
			name = Release;
		};
/* End XCBuildConfiguration section */

/* Begin XCConfigurationList section */
		072C526E2FCCE45900FEEACD /* Build configuration list for PBXProject "UFC Predict Fights" */ = {
			isa = XCConfigurationList;
			buildConfigurations = (
				072C527F2FCCE45A00FEEACD /* Debug */,
				072C52802FCCE45A00FEEACD /* Release */,
			);
			defaultConfigurationIsVisible = 0;
			defaultConfigurationName = Release;
		};
		072C52812FCCE45A00FEEACD /* Build configuration list for PBXNativeTarget "UFC Predict Fights" */ = {
			isa = XCConfigurationList;
			buildConfigurations = (
				072C52822FCCE45A00FEEACD /* Debug */,
				072C52832FCCE45A00FEEACD /* Release */,
			);
			defaultConfigurationIsVisible = 0;
			defaultConfigurationName = Release;
		};
/* End XCConfigurationList section */

/* Begin XCRemoteSwiftPackageReference section */
		0797F6302FE0F85200B52A0C /* XCRemoteSwiftPackageReference "firebase-ios-sdk" */ = {
			isa = XCRemoteSwiftPackageReference;
			repositoryURL = "https://github.com/firebase/firebase-ios-sdk";
			requirement = {
				kind = upToNextMajorVersion;
				minimumVersion = 12.14.0;
			};
		};
		0797F6352FE0F9D500B52A0C /* XCRemoteSwiftPackageReference "GoogleSignIn-iOS" */ = {
			isa = XCRemoteSwiftPackageReference;
			repositoryURL = "https://github.com/google/GoogleSignIn-iOS";
			requirement = {
				kind = upToNextMajorVersion;
				minimumVersion = 9.2.0;
			};
		};
/* End XCRemoteSwiftPackageReference section */

/* Begin XCSwiftPackageProductDependency section */
		0797F6312FE0F85200B52A0C /* FirebaseAuth */ = {
			isa = XCSwiftPackageProductDependency;
			package = 0797F6302FE0F85200B52A0C /* XCRemoteSwiftPackageReference "firebase-ios-sdk" */;
			productName = FirebaseAuth;
		};
		0797F6332FE0F85200B52A0C /* FirebaseCore */ = {
			isa = XCSwiftPackageProductDependency;
			package = 0797F6302FE0F85200B52A0C /* XCRemoteSwiftPackageReference "firebase-ios-sdk" */;
			productName = FirebaseCore;
		};
		0797F6362FE0F9D500B52A0C /* GoogleSignIn */ = {
			isa = XCSwiftPackageProductDependency;
			package = 0797F6352FE0F9D500B52A0C /* XCRemoteSwiftPackageReference "GoogleSignIn-iOS" */;
			productName = GoogleSignIn;
		};
		0797F6382FE0F9D500B52A0C /* GoogleSignInSwift */ = {
			isa = XCSwiftPackageProductDependency;
			package = 0797F6352FE0F9D500B52A0C /* XCRemoteSwiftPackageReference "GoogleSignIn-iOS" */;
			productName = GoogleSignInSwift;
		};
		0797F6562FE19CEE00B52A0C /* FirebaseFirestore */ = {
			isa = XCSwiftPackageProductDependency;
			package = 0797F6302FE0F85200B52A0C /* XCRemoteSwiftPackageReference "firebase-ios-sdk" */;
			productName = FirebaseFirestore;
		};
/* End XCSwiftPackageProductDependency section */
	};
	rootObject = 072C526B2FCCE45900FEEACD /* Project object */;
}
